
Microsoft Visual Studio Solution File, Format Version 12.00
# Visual Studio Version 16
VisualStudioVersion = 16.0.31005.135
MinimumVisualStudioVersion = 10.0.40219.1
Project("{9A19103F-16F7-4668-BE54-9A1E7A4F7556}") = "WebChat.Client", "WebChat.Client\WebChat.Client.csproj", "{3DC6136C-BC64-4C4C-87CD-806FEB9DC527}"
EndProject
Global
	GlobalSection(SolutionConfigurationPlatforms) = preSolution
		Debug|Any CPU = Debug|Any CPU
		Release|Any CPU = Release|Any CPU
	EndGlobalSection
	GlobalSection(ProjectConfigurationPlatforms) = postSolution
		{3DC6136C-BC64-4C4C-87CD-806FEB9DC527}.Debug|Any CPU.ActiveCfg = Debug|Any CPU
		{3DC6136C-BC64-4C4C-87CD-806FEB9DC527}.Debug|Any CPU.Build.0 = Debug|Any CPU
		{3DC6136C-BC64-4C4C-87CD-806FEB9DC527}.Release|Any CPU.ActiveCfg = Release|Any CPU
		{3DC6136C-BC64-4C4C-87CD-806FEB9DC527}.Release|Any CPU.Build.0 = Release|Any CPU
	EndGlobalSection
	GlobalSection(SolutionProperties) = preSolution
		HideSolutionNode = FALSE
	EndGlobalSection
	GlobalSection(ExtensibilityGlobals) = postSolution
		SolutionGuid = {348EB8B6-D667-47C6-BBD3-43EEC3ECB435}
	EndGlobalSection
EndGlobal
